
Microsoft Visual Studio Solution File, Format Version 12.00
# Visual Studio Version 17
VisualStudioVersion = 17.5.002.0
MinimumVisualStudioVersion = 10.0.40219.1
Project("{9A19103F-16F7-4668-BE54-9A1E7A4F7556}") = "Functions", "Functions.csproj", "{3666EC2B-D0A5-4123-8E2D-A4FC09EC5252}"
EndProject
Global
	GlobalSection(SolutionConfigurationPlatforms) = preSolution
		Debug|Any CPU = Debug|Any CPU
		Release|Any CPU = Release|Any CPU
	EndGlobalSection
	GlobalSection(ProjectConfigurationPlatforms) = postSolution
		{3666EC2B-D0A5-4123-8E2D-A4FC09EC5252}.Debug|Any CPU.ActiveCfg = Debug|Any CPU
		{3666EC2B-D0A5-4123-8E2D-A4FC09EC5252}.Debug|Any CPU.Build.0 = Debug|Any CPU
		{3666EC2B-D0A5-4123-8E2D-A4FC09EC5252}.Release|Any CPU.ActiveCfg = Release|Any CPU
		{3666EC2B-D0A5-4123-8E2D-A4FC09EC5252}.Release|Any CPU.Build.0 = Release|Any CPU
	EndGlobalSection
	GlobalSection(SolutionProperties) = preSolution
		HideSolutionNode = FALSE
	EndGlobalSection
	GlobalSection(ExtensibilityGlobals) = postSolution
		SolutionGuid = {0549F65C-D131-4B2F-A2F0-DF8E28913C40}
	EndGlobalSection
EndGlobal
