
Microsoft Visual Studio Solution File, Format Version 12.00
# Visual Studio Version 17
VisualStudioVersion = 17.5.002.0
MinimumVisualStudioVersion = 10.0.40219.1
Project("{9A19103F-16F7-4668-BE54-9A1E7A4F7556}") = "MyApp", "MyApp.csproj", "{73697FA2-8393-4B2D-9CC6-F640FDE87431}"
EndProject
Global
	GlobalSection(SolutionConfigurationPlatforms) = preSolution
		Debug|Any CPU = Debug|Any CPU
		Release|Any CPU = Release|Any CPU
	EndGlobalSection
	GlobalSection(ProjectConfigurationPlatforms) = postSolution
		{73697FA2-8393-4B2D-9CC6-F640FDE87431}.Debug|Any CPU.ActiveCfg = Debug|Any CPU
		{73697FA2-8393-4B2D-9CC6-F640FDE87431}.Debug|Any CPU.Build.0 = Debug|Any CPU
		{73697FA2-8393-4B2D-9CC6-F640FDE87431}.Release|Any CPU.ActiveCfg = Release|Any CPU
		{73697FA2-8393-4B2D-9CC6-F640FDE87431}.Release|Any CPU.Build.0 = Release|Any CPU
	EndGlobalSection
	GlobalSection(SolutionProperties) = preSolution
		HideSolutionNode = FALSE
	EndGlobalSection
	GlobalSection(ExtensibilityGlobals) = postSolution
		SolutionGuid = {F0932AAB-FF49-4C17-AF32-25945C2169DA}
	EndGlobalSection
EndGlobal
